
Microsoft Visual Studio Solution File, Format Version 12.00
# Visual Studio Version 17
VisualStudioVersion = 17.11.35303.130
MinimumVisualStudioVersion = 10.0.40219.1
Project("{2150E333-8FDC-42A3-9474-1A3956D46DE8}") = "Task0", "Task0", "{698FB1F2-CB4D-477C-805E-41EDCB1FB7AA}"
EndProject
Project("{FAE04EC0-301F-11D3-BF4B-00C04F79EFBC}") = "Tyuiu.ShanginAA.Sprint0.Task0.V0", "Tyuiu.ShanginAA.Sprint0.Task0.V0\Tyuiu.ShanginAA.Sprint0.Task0.V0.csproj", "{0DDCCB4D-04D5-436B-8180-69DCBF4B153D}"
EndProject
Project("{2150E333-8FDC-42A3-9474-1A3956D46DE8}") = "Task1", "Task1", "{89904520-0696-4C1C-855E-5A6ED571812B}"
EndProject
Project("{FAE04EC0-301F-11D3-BF4B-00C04F79EFBC}") = "Tyuiu.ShanginAA.Sprint0.Task1.V0", "Tyuiu.ShanginAA.Sprint0.Task1.V0\Tyuiu.ShanginAA.Sprint0.Task1.V0.csproj", "{AAD043DD-D04A-4DEC-B175-AEF3B33060EE}"
EndProject
Project("{2150E333-8FDC-42A3-9474-1A3956D46DE8}") = "Task2", "Task2", "{43906F33-A3B1-46BA-B7AC-E8D64A032B54}"
EndProject
Project("{FAE04EC0-301F-11D3-BF4B-00C04F79EFBC}") = "Tyuiu.ShanginAA.Sprint0.Task2.V0", "Tyuiu.ShanginAA.Sprint0.Task2.V0\Tyuiu.ShanginAA.Sprint0.Task2.V0.csproj", "{C771930B-EB60-4F74-92D7-826E1DB840AD}"
EndProject
Project("{FAE04EC0-301F-11D3-BF4B-00C04F79EFBC}") = "Tyuiu.ShanginAA.Sprint0.Task2.V0.Lib", "Tyuiu.ShanginAA.Sprint0.Task2.V0.Lib\Tyuiu.ShanginAA.Sprint0.Task2.V0.Lib.csproj", "{1A87AC19-5345-4EA6-89E8-436E8697A4FA}"
EndProject
Project("{FAE04EC0-301F-11D3-BF4B-00C04F79EFBC}") = "Tyuiu.ShanginAA.Sprint0.Task2.V0.Test", "Tyuiu.ShanginAA.Sprint0.Task2.V0.Test\Tyuiu.ShanginAA.Sprint0.Task2.V0.Test.csproj", "{4D6C55AC-4FD0-4A38-AA55-879A9FD4ACE2}"
EndProject
Project("{2150E333-8FDC-42A3-9474-1A3956D46DE8}") = "Task3", "Task3", "{75FEBC1D-3653-44C5-9253-93AF3C67BADB}"
EndProject
Project("{FAE04EC0-301F-11D3-BF4B-00C04F79EFBC}") = "Tyuiu.ShanginAA.Sprint0.Task3.V0", "Tyuiu.ShanginAA.Sprint0.Task3.V0\Tyuiu.ShanginAA.Sprint0.Task3.V0.csproj", "{5A2B1405-785F-49E9-BE7C-A636542A9255}"
EndProject
Project("{FAE04EC0-301F-11D3-BF4B-00C04F79EFBC}") = "Tyuiu.ShanginAA.Sprint0.Task3.V0.Lib", "Tyuiu.ShanginAA.Sprint0.Task3.V0.Lib\Tyuiu.ShanginAA.Sprint0.Task3.V0.Lib.csproj", "{3E6421A5-9CBF-40D9-B992-CB260B9E5DA6}"
EndProject
Project("{FAE04EC0-301F-11D3-BF4B-00C04F79EFBC}") = "Tyuiu.ShanginAA.Sprint0.Task3.V0.Test", "Tyuiu.ShanginAA.Sprint0.Task3.V0.Test\Tyuiu.ShanginAA.Sprint0.Task3.V0.Test.csproj", "{977F8248-9C2C-47BE-A9B7-F0983113E031}"
EndProject
Project("{2150E333-8FDC-42A3-9474-1A3956D46DE8}") = "Task4", "Task4", "{C319E462-C2FD-44C0-B810-DD89B02424CE}"
EndProject
Project("{FAE04EC0-301F-11D3-BF4B-00C04F79EFBC}") = "Tyuiu.ShanginAA.Sprint0.Task4.V0", "Tyuiu.ShanginAA.Sprint0.Task4.V0\Tyuiu.ShanginAA.Sprint0.Task4.V0.csproj", "{1EF922E5-0F20-4F2C-A86B-7FDA402EED42}"
EndProject
Project("{FAE04EC0-301F-11D3-BF4B-00C04F79EFBC}") = "Tyuiu.ShanginAA.Sprint0.Task4.V0.Lib", "Tyuiu.ShanginAA.Sprint0.Task4.V0.Lib\Tyuiu.ShanginAA.Sprint0.Task4.V0.Lib.csproj", "{889FDFD1-BC10-455B-9EB3-6348202AEB3A}"
EndProject
Project("{FAE04EC0-301F-11D3-BF4B-00C04F79EFBC}") = "Tyuiu.ShanginAA.Sprint0.Task4.V0.Test", "Tyuiu.ShanginAA.Sprint0.Task4.V0.Test\Tyuiu.ShanginAA.Sprint0.Task4.V0.Test.csproj", "{4604B0B5-B7D0-46D8-BF3A-194798135160}"
EndProject
Project("{2150E333-8FDC-42A3-9474-1A3956D46DE8}") = "Task5", "Task5", "{E2EECD15-7508-4BF6-B966-70DE3764331A}"
EndProject
Project("{FAE04EC0-301F-11D3-BF4B-00C04F79EFBC}") = "Tyuiu.ShanginAA.Sprint0.Task5.V0", "Tyuiu.ShanginAA.Sprint0.Task5.V0\Tyuiu.ShanginAA.Sprint0.Task5.V0.csproj", "{EBCA80FA-303B-4D04-962F-7963A342F367}"
EndProject
Project("{FAE04EC0-301F-11D3-BF4B-00C04F79EFBC}") = "Tyuiu.ShanginAA.Sprint0.Task5.V0.Lib", "Tyuiu.ShanginAA.Sprint0.Task5.V0.Lib\Tyuiu.ShanginAA.Sprint0.Task5.V0.Lib.csproj", "{F89AD2DC-00C3-418E-B2F5-696FCD4AF444}"
EndProject
Project("{FAE04EC0-301F-11D3-BF4B-00C04F79EFBC}") = "Tyuiu.ShanginAA.Sprint0.Task5.V0.Test", "Tyuiu.ShanginAA.Sprint0.Task5.V0.Test\Tyuiu.ShanginAA.Sprint0.Task5.V0.Test.csproj", "{999304A8-1864-4613-A3CD-61D74C84E04B}"
EndProject
Project("{2150E333-8FDC-42A3-9474-1A3956D46DE8}") = "Task6", "Task6", "{E5398B61-29B4-4C47-9E28-7748D5CD3ED5}"
EndProject
Project("{FAE04EC0-301F-11D3-BF4B-00C04F79EFBC}") = "Tyuiu.ShanginAA.Sprint0.Task6.V0", "Tyuiu.ShanginAA.Sprint0.Task6.V0\Tyuiu.ShanginAA.Sprint0.Task6.V0.csproj", "{3A5D26F8-5F2D-4693-AD0D-C1E5D0D18363}"
EndProject
Project("{FAE04EC0-301F-11D3-BF4B-00C04F79EFBC}") = "Tyuiu.ShanginAA.Sprint0.Task6.V0.Lib", "Tyuiu.ShanginAA.Sprint0.Task6.V0.Lib\Tyuiu.ShanginAA.Sprint0.Task6.V0.Lib.csproj", "{B5472CF2-06F9-45CD-9C37-71932B5C95F1}"
EndProject
Project("{FAE04EC0-301F-11D3-BF4B-00C04F79EFBC}") = "Tyuiu.ShanginAA.Sprint0.Task6.V0.Test", "Tyuiu.ShanginAA.Sprint0.Task6.V0.Test\Tyuiu.ShanginAA.Sprint0.Task6.V0.Test.csproj", "{A3CE74FA-C7CF-4387-9AEB-9D5DE1C30556}"
EndProject
Project("{2150E333-8FDC-42A3-9474-1A3956D46DE8}") = "Task7", "Task7", "{E8570A23-ECBF-4551-B36E-7BAD2885A034}"
EndProject
Project("{FAE04EC0-301F-11D3-BF4B-00C04F79EFBC}") = "Tyuiu.ShanginAA.Sprint0.Task7.V0", "Tyuiu.ShanginAA.Sprint0.Task7.V0\Tyuiu.ShanginAA.Sprint0.Task7.V0.csproj", "{F26D6B48-5823-4BB8-926F-F9489E95AE86}"
EndProject
Project("{FAE04EC0-301F-11D3-BF4B-00C04F79EFBC}") = "Tyuiu.ShanginAA.Sprint0.Task7.V0.Lib", "Tyuiu.ShanginAA.Sprint0.Task7.V0.Lib\Tyuiu.ShanginAA.Sprint0.Task7.V0.Lib.csproj", "{F308801F-11FB-4C7A-9D91-5CC8AA6CE4E0}"
EndProject
Project("{FAE04EC0-301F-11D3-BF4B-00C04F79EFBC}") = "Tyuiu.ShanginAA.Sprint0.Task7.V0.Test", "Tyuiu.ShanginAA.Sprint0.Task7.V0.Test\Tyuiu.ShanginAA.Sprint0.Task7.V0.Test.csproj", "{8AF0B421-BBF7-4232-A3B4-FBE748A4C488}"
EndProject
Global
	GlobalSection(SolutionConfigurationPlatforms) = preSolution
		Debug|Any CPU = Debug|Any CPU
		Release|Any CPU = Release|Any CPU
	EndGlobalSection
	GlobalSection(ProjectConfigurationPlatforms) = postSolution
		{0DDCCB4D-04D5-436B-8180-69DCBF4B153D}.Debug|Any CPU.ActiveCfg = Debug|Any CPU
		{0DDCCB4D-04D5-436B-8180-69DCBF4B153D}.Debug|Any CPU.Build.0 = Debug|Any CPU
		{0DDCCB4D-04D5-436B-8180-69DCBF4B153D}.Release|Any CPU.ActiveCfg = Release|Any CPU
		{0DDCCB4D-04D5-436B-8180-69DCBF4B153D}.Release|Any CPU.Build.0 = Release|Any CPU
		{AAD043DD-D04A-4DEC-B175-AEF3B33060EE}.Debug|Any CPU.ActiveCfg = Debug|Any CPU
		{AAD043DD-D04A-4DEC-B175-AEF3B33060EE}.Debug|Any CPU.Build.0 = Debug|Any CPU
		{AAD043DD-D04A-4DEC-B175-AEF3B33060EE}.Release|Any CPU.ActiveCfg = Release|Any CPU
		{AAD043DD-D04A-4DEC-B175-AEF3B33060EE}.Release|Any CPU.Build.0 = Release|Any CPU
		{C771930B-EB60-4F74-92D7-826E1DB840AD}.Debug|Any CPU.ActiveCfg = Debug|Any CPU
		{C771930B-EB60-4F74-92D7-826E1DB840AD}.Debug|Any CPU.Build.0 = Debug|Any CPU
		{C771930B-EB60-4F74-92D7-826E1DB840AD}.Release|Any CPU.ActiveCfg = Release|Any CPU
		{C771930B-EB60-4F74-92D7-826E1DB840AD}.Release|Any CPU.Build.0 = Release|Any CPU
		{1A87AC19-5345-4EA6-89E8-436E8697A4FA}.Debug|Any CPU.ActiveCfg = Debug|Any CPU
		{1A87AC19-5345-4EA6-89E8-436E8697A4FA}.Debug|Any CPU.Build.0 = Debug|Any CPU
		{1A87AC19-5345-4EA6-89E8-436E8697A4FA}.Release|Any CPU.ActiveCfg = Release|Any CPU
		{1A87AC19-5345-4EA6-89E8-436E8697A4FA}.Release|Any CPU.Build.0 = Release|Any CPU
		{4D6C55AC-4FD0-4A38-AA55-879A9FD4ACE2}.Debug|Any CPU.ActiveCfg = Debug|Any CPU
		{4D6C55AC-4FD0-4A38-AA55-879A9FD4ACE2}.Debug|Any CPU.Build.0 = Debug|Any CPU
		{4D6C55AC-4FD0-4A38-AA55-879A9FD4ACE2}.Release|Any CPU.ActiveCfg = Release|Any CPU
		{4D6C55AC-4FD0-4A38-AA55-879A9FD4ACE2}.Release|Any CPU.Build.0 = Release|Any CPU
		{5A2B1405-785F-49E9-BE7C-A636542A9255}.Debug|Any CPU.ActiveCfg = Debug|Any CPU
		{5A2B1405-785F-49E9-BE7C-A636542A9255}.Debug|Any CPU.Build.0 = Debug|Any CPU
		{5A2B1405-785F-49E9-BE7C-A636542A9255}.Release|Any CPU.ActiveCfg = Release|Any CPU
		{5A2B1405-785F-49E9-BE7C-A636542A9255}.Release|Any CPU.Build.0 = Release|Any CPU
		{3E6421A5-9CBF-40D9-B992-CB260B9E5DA6}.Debug|Any CPU.ActiveCfg = Debug|Any CPU
		{3E6421A5-9CBF-40D9-B992-CB260B9E5DA6}.Debug|Any CPU.Build.0 = Debug|Any CPU
		{3E6421A5-9CBF-40D9-B992-CB260B9E5DA6}.Release|Any CPU.ActiveCfg = Release|Any CPU
		{3E6421A5-9CBF-40D9-B992-CB260B9E5DA6}.Release|Any CPU.Build.0 = Release|Any CPU
		{977F8248-9C2C-47BE-A9B7-F0983113E031}.Debug|Any CPU.ActiveCfg = Debug|Any CPU
		{977F8248-9C2C-47BE-A9B7-F0983113E031}.Debug|Any CPU.Build.0 = Debug|Any CPU
		{977F8248-9C2C-47BE-A9B7-F0983113E031}.Release|Any CPU.ActiveCfg = Release|Any CPU
		{977F8248-9C2C-47BE-A9B7-F0983113E031}.Release|Any CPU.Build.0 = Release|Any CPU
		{1EF922E5-0F20-4F2C-A86B-7FDA402EED42}.Debug|Any CPU.ActiveCfg = Debug|Any CPU
		{1EF922E5-0F20-4F2C-A86B-7FDA402EED42}.Debug|Any CPU.Build.0 = Debug|Any CPU
		{1EF922E5-0F20-4F2C-A86B-7FDA402EED42}.Release|Any CPU.ActiveCfg = Release|Any CPU
		{1EF922E5-0F20-4F2C-A86B-7FDA402EED42}.Release|Any CPU.Build.0 = Release|Any CPU
		{889FDFD1-BC10-455B-9EB3-6348202AEB3A}.Debug|Any CPU.ActiveCfg = Debug|Any CPU
		{889FDFD1-BC10-455B-9EB3-6348202AEB3A}.Debug|Any CPU.Build.0 = Debug|Any CPU
		{889FDFD1-BC10-455B-9EB3-6348202AEB3A}.Release|Any CPU.ActiveCfg = Release|Any CPU
		{889FDFD1-BC10-455B-9EB3-6348202AEB3A}.Release|Any CPU.Build.0 = Release|Any CPU
		{4604B0B5-B7D0-46D8-BF3A-194798135160}.Debug|Any CPU.ActiveCfg = Debug|Any CPU
		{4604B0B5-B7D0-46D8-BF3A-194798135160}.Debug|Any CPU.Build.0 = Debug|Any CPU
		{4604B0B5-B7D0-46D8-BF3A-194798135160}.Release|Any CPU.ActiveCfg = Release|Any CPU
		{4604B0B5-B7D0-46D8-BF3A-194798135160}.Release|Any CPU.Build.0 = Release|Any CPU
		{EBCA80FA-303B-4D04-962F-7963A342F367}.Debug|Any CPU.ActiveCfg = Debug|Any CPU
		{EBCA80FA-303B-4D04-962F-7963A342F367}.Debug|Any CPU.Build.0 = Debug|Any CPU
		{EBCA80FA-303B-4D04-962F-7963A342F367}.Release|Any CPU.ActiveCfg = Release|Any CPU
		{EBCA80FA-303B-4D04-962F-7963A342F367}.Release|Any CPU.Build.0 = Release|Any CPU
		{F89AD2DC-00C3-418E-B2F5-696FCD4AF444}.Debug|Any CPU.ActiveCfg = Debug|Any CPU
		{F89AD2DC-00C3-418E-B2F5-696FCD4AF444}.Debug|Any CPU.Build.0 = Debug|Any CPU
		{F89AD2DC-00C3-418E-B2F5-696FCD4AF444}.Release|Any CPU.ActiveCfg = Release|Any CPU
		{F89AD2DC-00C3-418E-B2F5-696FCD4AF444}.Release|Any CPU.Build.0 = Release|Any CPU
		{999304A8-1864-4613-A3CD-61D74C84E04B}.Debug|Any CPU.ActiveCfg = Debug|Any CPU
		{999304A8-1864-4613-A3CD-61D74C84E04B}.Debug|Any CPU.Build.0 = Debug|Any CPU
		{999304A8-1864-4613-A3CD-61D74C84E04B}.Release|Any CPU.ActiveCfg = Release|Any CPU
		{999304A8-1864-4613-A3CD-61D74C84E04B}.Release|Any CPU.Build.0 = Release|Any CPU
		{3A5D26F8-5F2D-4693-AD0D-C1E5D0D18363}.Debug|Any CPU.ActiveCfg = Debug|Any CPU
		{3A5D26F8-5F2D-4693-AD0D-C1E5D0D18363}.Debug|Any CPU.Build.0 = Debug|Any CPU
		{3A5D26F8-5F2D-4693-AD0D-C1E5D0D18363}.Release|Any CPU.ActiveCfg = Release|Any CPU
		{3A5D26F8-5F2D-4693-AD0D-C1E5D0D18363}.Release|Any CPU.Build.0 = Release|Any CPU
		{B5472CF2-06F9-45CD-9C37-71932B5C95F1}.Debug|Any CPU.ActiveCfg = Debug|Any CPU
		{B5472CF2-06F9-45CD-9C37-71932B5C95F1}.Debug|Any CPU.Build.0 = Debug|Any CPU
		{B5472CF2-06F9-45CD-9C37-71932B5C95F1}.Release|Any CPU.ActiveCfg = Release|Any CPU
		{B5472CF2-06F9-45CD-9C37-71932B5C95F1}.Release|Any CPU.Build.0 = Release|Any CPU
		{A3CE74FA-C7CF-4387-9AEB-9D5DE1C30556}.Debug|Any CPU.ActiveCfg = Debug|Any CPU
		{A3CE74FA-C7CF-4387-9AEB-9D5DE1C30556}.Debug|Any CPU.Build.0 = Debug|Any CPU
		{A3CE74FA-C7CF-4387-9AEB-9D5DE1C30556}.Release|Any CPU.ActiveCfg = Release|Any CPU
		{A3CE74FA-C7CF-4387-9AEB-9D5DE1C30556}.Release|Any CPU.Build.0 = Release|Any CPU
		{F26D6B48-5823-4BB8-926F-F9489E95AE86}.Debug|Any CPU.ActiveCfg = Debug|Any CPU
		{F26D6B48-5823-4BB8-926F-F9489E95AE86}.Debug|Any CPU.Build.0 = Debug|Any CPU
		{F26D6B48-5823-4BB8-926F-F9489E95AE86}.Release|Any CPU.ActiveCfg = Release|Any CPU
		{F26D6B48-5823-4BB8-926F-F9489E95AE86}.Release|Any CPU.Build.0 = Release|Any CPU
		{F308801F-11FB-4C7A-9D91-5CC8AA6CE4E0}.Debug|Any CPU.ActiveCfg = Debug|Any CPU
		{F308801F-11FB-4C7A-9D91-5CC8AA6CE4E0}.Debug|Any CPU.Build.0 = Debug|Any CPU
		{F308801F-11FB-4C7A-9D91-5CC8AA6CE4E0}.Release|Any CPU.ActiveCfg = Release|Any CPU
		{F308801F-11FB-4C7A-9D91-5CC8AA6CE4E0}.Release|Any CPU.Build.0 = Release|Any CPU
		{8AF0B421-BBF7-4232-A3B4-FBE748A4C488}.Debug|Any CPU.ActiveCfg = Debug|Any CPU
		{8AF0B421-BBF7-4232-A3B4-FBE748A4C488}.Debug|Any CPU.Build.0 = Debug|Any CPU
		{8AF0B421-BBF7-4232-A3B4-FBE748A4C488}.Release|Any CPU.ActiveCfg = Release|Any CPU
		{8AF0B421-BBF7-4232-A3B4-FBE748A4C488}.Release|Any CPU.Build.0 = Release|Any CPU
	EndGlobalSection
	GlobalSection(SolutionProperties) = preSolution
		HideSolutionNode = FALSE
	EndGlobalSection
	GlobalSection(NestedProjects) = preSolution
		{0DDCCB4D-04D5-436B-8180-69DCBF4B153D} = {698FB1F2-CB4D-477C-805E-41EDCB1FB7AA}
		{AAD043DD-D04A-4DEC-B175-AEF3B33060EE} = {89904520-0696-4C1C-855E-5A6ED571812B}
		{C771930B-EB60-4F74-92D7-826E1DB840AD} = {43906F33-A3B1-46BA-B7AC-E8D64A032B54}
		{1A87AC19-5345-4EA6-89E8-436E8697A4FA} = {43906F33-A3B1-46BA-B7AC-E8D64A032B54}
		{4D6C55AC-4FD0-4A38-AA55-879A9FD4ACE2} = {43906F33-A3B1-46BA-B7AC-E8D64A032B54}
		{5A2B1405-785F-49E9-BE7C-A636542A9255} = {75FEBC1D-3653-44C5-9253-93AF3C67BADB}
		{3E6421A5-9CBF-40D9-B992-CB260B9E5DA6} = {75FEBC1D-3653-44C5-9253-93AF3C67BADB}
		{977F8248-9C2C-47BE-A9B7-F0983113E031} = {75FEBC1D-3653-44C5-9253-93AF3C67BADB}
		{1EF922E5-0F20-4F2C-A86B-7FDA402EED42} = {C319E462-C2FD-44C0-B810-DD89B02424CE}
		{889FDFD1-BC10-455B-9EB3-6348202AEB3A} = {C319E462-C2FD-44C0-B810-DD89B02424CE}
		{4604B0B5-B7D0-46D8-BF3A-194798135160} = {C319E462-C2FD-44C0-B810-DD89B02424CE}
		{EBCA80FA-303B-4D04-962F-7963A342F367} = {E2EECD15-7508-4BF6-B966-70DE3764331A}
		{F89AD2DC-00C3-418E-B2F5-696FCD4AF444} = {E2EECD15-7508-4BF6-B966-70DE3764331A}
		{999304A8-1864-4613-A3CD-61D74C84E04B} = {E2EECD15-7508-4BF6-B966-70DE3764331A}
		{3A5D26F8-5F2D-4693-AD0D-C1E5D0D18363} = {E5398B61-29B4-4C47-9E28-7748D5CD3ED5}
		{B5472CF2-06F9-45CD-9C37-71932B5C95F1} = {E5398B61-29B4-4C47-9E28-7748D5CD3ED5}
		{A3CE74FA-C7CF-4387-9AEB-9D5DE1C30556} = {E5398B61-29B4-4C47-9E28-7748D5CD3ED5}
		{F26D6B48-5823-4BB8-926F-F9489E95AE86} = {E8570A23-ECBF-4551-B36E-7BAD2885A034}
		{F308801F-11FB-4C7A-9D91-5CC8AA6CE4E0} = {E8570A23-ECBF-4551-B36E-7BAD2885A034}
		{8AF0B421-BBF7-4232-A3B4-FBE748A4C488} = {E8570A23-ECBF-4551-B36E-7BAD2885A034}
	EndGlobalSection
	GlobalSection(ExtensibilityGlobals) = postSolution
		SolutionGuid = {5EC87D96-5B9E-4C9A-8CF1-A6EB9AFEC2EC}
	EndGlobalSection
EndGlobal
