
Microsoft Visual Studio Solution File, Format Version 12.00
# Visual Studio Version 17
VisualStudioVersion = 17.11.35303.130
MinimumVisualStudioVersion = 10.0.40219.1
Project("{2150E333-8FDC-42A3-9474-1A3956D46DE8}") = "Task0", "Task0", "{698FB1F2-CB4D-477C-805E-41EDCB1FB7AA}"
EndProject
Project("{FAE04EC0-301F-11D3-BF4B-00C04F79EFBC}") = "Tyuiu.ShanginAA.Sprint0.Task0.V0", "Tyuiu.ShanginAA.Sprint0.Task0.V0\Tyuiu.ShanginAA.Sprint0.Task0.V0.csproj", "{0DDCCB4D-04D5-436B-8180-69DCBF4B153D}"
EndProject
Global
	GlobalSection(SolutionConfigurationPlatforms) = preSolution
		Debug|Any CPU = Debug|Any CPU
		Release|Any CPU = Release|Any CPU
	EndGlobalSection
	GlobalSection(ProjectConfigurationPlatforms) = postSolution
		{0DDCCB4D-04D5-436B-8180-69DCBF4B153D}.Debug|Any CPU.ActiveCfg = Debug|Any CPU
		{0DDCCB4D-04D5-436B-8180-69DCBF4B153D}.Debug|Any CPU.Build.0 = Debug|Any CPU
		{0DDCCB4D-04D5-436B-8180-69DCBF4B153D}.Release|Any CPU.ActiveCfg = Release|Any CPU
		{0DDCCB4D-04D5-436B-8180-69DCBF4B153D}.Release|Any CPU.Build.0 = Release|Any CPU
	EndGlobalSection
	GlobalSection(SolutionProperties) = preSolution
		HideSolutionNode = FALSE
	EndGlobalSection
	GlobalSection(NestedProjects) = preSolution
		{0DDCCB4D-04D5-436B-8180-69DCBF4B153D} = {698FB1F2-CB4D-477C-805E-41EDCB1FB7AA}
	EndGlobalSection
	GlobalSection(ExtensibilityGlobals) = postSolution
		SolutionGuid = {5EC87D96-5B9E-4C9A-8CF1-A6EB9AFEC2EC}
	EndGlobalSection
EndGlobal
